// !$*UTF8*$!
{
	archiveVersion = 1;
	classes = {
	};
	objectVersion = 52;
	objects = {

/* Begin PBXBuildFile section */
		4A176DBB241BE25F005C3C27 /* AppDelegate.swift in Sources */ = {isa = PBXBuildFile; fileRef = 4A176DBA241BE25F005C3C27 /* AppDelegate.swift */; };
		4A176DBD241BE25F005C3C27 /* ContentView.swift in Sources */ = {isa = PBXBuildFile; fileRef = 4A176DBC241BE25F005C3C27 /* ContentView.swift */; };
		4A176DBF241BE262005C3C27 /* Assets.xcassets in Resources */ = {isa = PBXBuildFile; fileRef = 4A176DBE241BE262005C3C27 /* Assets.xcassets */; };
		4A176DC2241BE262005C3C27 /* Preview Assets.xcassets in Resources */ = {isa = PBXBuildFile; fileRef = 4A176DC1241BE262005C3C27 /* Preview Assets.xcassets */; };
		4A176DC5241BE262005C3C27 /* Main.storyboard in Resources */ = {isa = PBXBuildFile; fileRef = 4A176DC3241BE262005C3C27 /* Main.storyboard */; };
		4A176DCF241BFF85005C3C27 /* SchoologyClient.swift in Sources */ = {isa = PBXBuildFile; fileRef = 4A176DCE241BFF85005C3C27 /* SchoologyClient.swift */; };
		4A176DD7241C0D44005C3C27 /* SchoologyCredentials.swift in Sources */ = {isa = PBXBuildFile; fileRef = 4A176DD6241C0D44005C3C27 /* SchoologyCredentials.swift */; };
		4A176DD9241C0DD2005C3C27 /* Errors.swift in Sources */ = {isa = PBXBuildFile; fileRef = 4A176DD8241C0DD2005C3C27 /* Errors.swift */; };
		4A176DDB241C17AB005C3C27 /* AuthView.swift in Sources */ = {isa = PBXBuildFile; fileRef = 4A176DDA241C17AB005C3C27 /* AuthView.swift */; };
		4A176DDF241C24D7005C3C27 /* Models.swift in Sources */ = {isa = PBXBuildFile; fileRef = 4A176DDE241C24D7005C3C27 /* Models.swift */; };
		4A176DE0241C28EA005C3C27 /* Context.swift in Sources */ = {isa = PBXBuildFile; fileRef = 4A176DDC241C1C01005C3C27 /* Context.swift */; };
		4A176DE4241C32A9005C3C27 /* CourseListView.swift in Sources */ = {isa = PBXBuildFile; fileRef = 4A176DE3241C32A9005C3C27 /* CourseListView.swift */; };
		4A2AA11E241C3F1E005C3C27 /* Store.swift in Sources */ = {isa = PBXBuildFile; fileRef = 4A2AA11D241C3F1E005C3C27 /* Store.swift */; };
		4A2AA121241C4123005C3C27 /* SwiftSoup in Frameworks */ = {isa = PBXBuildFile; productRef = 4A2AA120241C4123005C3C27 /* SwiftSoup */; };
		4A2AA123241C4DB5005C3C27 /* MainView.swift in Sources */ = {isa = PBXBuildFile; fileRef = 4A2AA122241C4DB5005C3C27 /* MainView.swift */; };
		4A2AA125241C4F11005C3C27 /* CourseListItemView.swift in Sources */ = {isa = PBXBuildFile; fileRef = 4A2AA124241C4F11005C3C27 /* CourseListItemView.swift */; };
		4A2AA127241C7A25005C3C27 /* CourseDetailView.swift in Sources */ = {isa = PBXBuildFile; fileRef = 4A2AA126241C7A25005C3C27 /* CourseDetailView.swift */; };
		4A2AA129241D3444005C3C27 /* MaterialsOutlineView.swift in Sources */ = {isa = PBXBuildFile; fileRef = 4A2AA128241D3444005C3C27 /* MaterialsOutlineView.swift */; };
/* End PBXBuildFile section */

/* Begin PBXFileReference section */
		4A176DB7241BE25F005C3C27 /* BetterSchoology.app */ = {isa = PBXFileReference; explicitFileType = wrapper.application; includeInIndex = 0; path = BetterSchoology.app; sourceTree = BUILT_PRODUCTS_DIR; };
		4A176DBA241BE25F005C3C27 /* AppDelegate.swift */ = {isa = PBXFileReference; lastKnownFileType = sourcecode.swift; path = AppDelegate.swift; sourceTree = "<group>"; };
		4A176DBC241BE25F005C3C27 /* ContentView.swift */ = {isa = PBXFileReference; lastKnownFileType = sourcecode.swift; path = ContentView.swift; sourceTree = "<group>"; };
		4A176DBE241BE262005C3C27 /* Assets.xcassets */ = {isa = PBXFileReference; lastKnownFileType = folder.assetcatalog; path = Assets.xcassets; sourceTree = "<group>"; };
		4A176DC1241BE262005C3C27 /* Preview Assets.xcassets */ = {isa = PBXFileReference; lastKnownFileType = folder.assetcatalog; path = "Preview Assets.xcassets"; sourceTree = "<group>"; };
		4A176DC4241BE262005C3C27 /* Base */ = {isa = PBXFileReference; lastKnownFileType = file.storyboard; name = Base; path = Base.lproj/Main.storyboard; sourceTree = "<group>"; };
		4A176DC6241BE262005C3C27 /* Info.plist */ = {isa = PBXFileReference; lastKnownFileType = text.plist.xml; path = Info.plist; sourceTree = "<group>"; };
		4A176DC7241BE262005C3C27 /* BetterSchoology.entitlements */ = {isa = PBXFileReference; lastKnownFileType = text.plist.entitlements; path = BetterSchoology.entitlements; sourceTree = "<group>"; };
		4A176DCE241BFF85005C3C27 /* SchoologyClient.swift */ = {isa = PBXFileReference; lastKnownFileType = sourcecode.swift; path = SchoologyClient.swift; sourceTree = "<group>"; };
		4A176DD6241C0D44005C3C27 /* SchoologyCredentials.swift */ = {isa = PBXFileReference; lastKnownFileType = sourcecode.swift; path = SchoologyCredentials.swift; sourceTree = "<group>"; };
		4A176DD8241C0DD2005C3C27 /* Errors.swift */ = {isa = PBXFileReference; lastKnownFileType = sourcecode.swift; path = Errors.swift; sourceTree = "<group>"; };
		4A176DDA241C17AB005C3C27 /* AuthView.swift */ = {isa = PBXFileReference; lastKnownFileType = sourcecode.swift; path = AuthView.swift; sourceTree = "<group>"; };
		4A176DDC241C1C01005C3C27 /* Context.swift */ = {isa = PBXFileReference; lastKnownFileType = sourcecode.swift; path = Context.swift; sourceTree = "<group>"; };
		4A176DDE241C24D7005C3C27 /* Models.swift */ = {isa = PBXFileReference; lastKnownFileType = sourcecode.swift; path = Models.swift; sourceTree = "<group>"; };
		4A176DE3241C32A9005C3C27 /* CourseListView.swift */ = {isa = PBXFileReference; lastKnownFileType = sourcecode.swift; path = CourseListView.swift; sourceTree = "<group>"; };
		4A2AA11D241C3F1E005C3C27 /* Store.swift */ = {isa = PBXFileReference; lastKnownFileType = sourcecode.swift; path = Store.swift; sourceTree = "<group>"; };
		4A2AA122241C4DB5005C3C27 /* MainView.swift */ = {isa = PBXFileReference; lastKnownFileType = sourcecode.swift; path = MainView.swift; sourceTree = "<group>"; };
		4A2AA124241C4F11005C3C27 /* CourseListItemView.swift */ = {isa = PBXFileReference; lastKnownFileType = sourcecode.swift; path = CourseListItemView.swift; sourceTree = "<group>"; };
		4A2AA126241C7A25005C3C27 /* CourseDetailView.swift */ = {isa = PBXFileReference; lastKnownFileType = sourcecode.swift; path = CourseDetailView.swift; sourceTree = "<group>"; };
		4A2AA128241D3444005C3C27 /* MaterialsOutlineView.swift */ = {isa = PBXFileReference; lastKnownFileType = sourcecode.swift; path = MaterialsOutlineView.swift; sourceTree = "<group>"; };
/* End PBXFileReference section */

/* Begin PBXFrameworksBuildPhase section */
		4A176DB4241BE25F005C3C27 /* Frameworks */ = {
			isa = PBXFrameworksBuildPhase;
			buildActionMask = 2147483647;
			files = (
				4A2AA121241C4123005C3C27 /* SwiftSoup in Frameworks */,
			);
			runOnlyForDeploymentPostprocessing = 0;
		};
/* End PBXFrameworksBuildPhase section */

/* Begin PBXGroup section */
		4A176DAE241BE25F005C3C27 = {
			isa = PBXGroup;
			children = (
				4A176DCD241BFE7F005C3C27 /* SchoologyAPI */,
				4A176DB9241BE25F005C3C27 /* BetterSchoology */,
				4A176DB8241BE25F005C3C27 /* Products */,
			);
			sourceTree = "<group>";
		};
		4A176DB8241BE25F005C3C27 /* Products */ = {
			isa = PBXGroup;
			children = (
				4A176DB7241BE25F005C3C27 /* BetterSchoology.app */,
			);
			name = Products;
			sourceTree = "<group>";
		};
		4A176DB9241BE25F005C3C27 /* BetterSchoology */ = {
			isa = PBXGroup;
			children = (
				4A176DBA241BE25F005C3C27 /* AppDelegate.swift */,
				4A176DBC241BE25F005C3C27 /* ContentView.swift */,
				4A2AA122241C4DB5005C3C27 /* MainView.swift */,
				4A176DE3241C32A9005C3C27 /* CourseListView.swift */,
				4A2AA124241C4F11005C3C27 /* CourseListItemView.swift */,
				4A176DDC241C1C01005C3C27 /* Context.swift */,
				4A2AA126241C7A25005C3C27 /* CourseDetailView.swift */,
				4A2AA11D241C3F1E005C3C27 /* Store.swift */,
				4A2AA128241D3444005C3C27 /* MaterialsOutlineView.swift */,
				4A176DDA241C17AB005C3C27 /* AuthView.swift */,
				4A176DBE241BE262005C3C27 /* Assets.xcassets */,
				4A176DC3241BE262005C3C27 /* Main.storyboard */,
				4A176DC6241BE262005C3C27 /* Info.plist */,
				4A176DC7241BE262005C3C27 /* BetterSchoology.entitlements */,
				4A176DC0241BE262005C3C27 /* Preview Content */,
			);
			path = BetterSchoology;
			sourceTree = "<group>";
		};
		4A176DC0241BE262005C3C27 /* Preview Content */ = {
			isa = PBXGroup;
			children = (
				4A176DC1241BE262005C3C27 /* Preview Assets.xcassets */,
			);
			path = "Preview Content";
			sourceTree = "<group>";
		};
		4A176DCD241BFE7F005C3C27 /* SchoologyAPI */ = {
			isa = PBXGroup;
			children = (
				4A176DCE241BFF85005C3C27 /* SchoologyClient.swift */,
				4A176DD8241C0DD2005C3C27 /* Errors.swift */,
				4A176DDE241C24D7005C3C27 /* Models.swift */,
				4A176DD6241C0D44005C3C27 /* SchoologyCredentials.swift */,
			);
			path = SchoologyAPI;
			sourceTree = "<group>";
		};
/* End PBXGroup section */

/* Begin PBXNativeTarget section */
		4A176DB6241BE25F005C3C27 /* BetterSchoology */ = {
			isa = PBXNativeTarget;
			buildConfigurationList = 4A176DCA241BE262005C3C27 /* Build configuration list for PBXNativeTarget "BetterSchoology" */;
			buildPhases = (
				4A176DB3241BE25F005C3C27 /* Sources */,
				4A176DB4241BE25F005C3C27 /* Frameworks */,
				4A176DB5241BE25F005C3C27 /* Resources */,
			);
			buildRules = (
			);
			dependencies = (
			);
			name = BetterSchoology;
			packageProductDependencies = (
				4A2AA120241C4123005C3C27 /* SwiftSoup */,
			);
			productName = BetterSchoology;
			productReference = 4A176DB7241BE25F005C3C27 /* BetterSchoology.app */;
			productType = "com.apple.product-type.application";
		};
/* End PBXNativeTarget section */

/* Begin PBXProject section */
		4A176DAF241BE25F005C3C27 /* Project object */ = {
			isa = PBXProject;
			attributes = {
				LastSwiftUpdateCheck = 1130;
				LastUpgradeCheck = 1130;
				ORGANIZATIONNAME = "Anthony Li";
				TargetAttributes = {
					4A176DB6241BE25F005C3C27 = {
						CreatedOnToolsVersion = 11.3.1;
					};
				};
			};
			buildConfigurationList = 4A176DB2241BE25F005C3C27 /* Build configuration list for PBXProject "BetterSchoology" */;
			compatibilityVersion = "Xcode 9.3";
			developmentRegion = en;
			hasScannedForEncodings = 0;
			knownRegions = (
				en,
				Base,
			);
			mainGroup = 4A176DAE241BE25F005C3C27;
			packageReferences = (
				4A2AA11F241C4123005C3C27 /* XCRemoteSwiftPackageReference "SwiftSoup" */,
			);
			productRefGroup = 4A176DB8241BE25F005C3C27 /* Products */;
			projectDirPath = "";
			projectRoot = "";
			targets = (
				4A176DB6241BE25F005C3C27 /* BetterSchoology */,
			);
		};
/* End PBXProject section */

/* Begin PBXResourcesBuildPhase section */
		4A176DB5241BE25F005C3C27 /* Resources */ = {
			isa = PBXResourcesBuildPhase;
			buildActionMask = 2147483647;
			files = (
				4A176DC5241BE262005C3C27 /* Main.storyboard in Resources */,
				4A176DC2241BE262005C3C27 /* Preview Assets.xcassets in Resources */,
				4A176DBF241BE262005C3C27 /* Assets.xcassets in Resources */,
			);
			runOnlyForDeploymentPostprocessing = 0;
		};
/* End PBXResourcesBuildPhase section */

/* Begin PBXSourcesBuildPhase section */
		4A176DB3241BE25F005C3C27 /* Sources */ = {
			isa = PBXSourcesBuildPhase;
			buildActionMask = 2147483647;
			files = (
				4A2AA129241D3444005C3C27 /* MaterialsOutlineView.swift in Sources */,
				4A176DDB241C17AB005C3C27 /* AuthView.swift in Sources */,
				4A176DBD241BE25F005C3C27 /* ContentView.swift in Sources */,
				4A176DBB241BE25F005C3C27 /* AppDelegate.swift in Sources */,
				4A176DCF241BFF85005C3C27 /* SchoologyClient.swift in Sources */,
				4A176DDF241C24D7005C3C27 /* Models.swift in Sources */,
				4A2AA11E241C3F1E005C3C27 /* Store.swift in Sources */,
				4A2AA125241C4F11005C3C27 /* CourseListItemView.swift in Sources */,
				4A2AA127241C7A25005C3C27 /* CourseDetailView.swift in Sources */,
				4A176DE0241C28EA005C3C27 /* Context.swift in Sources */,
				4A2AA123241C4DB5005C3C27 /* MainView.swift in Sources */,
				4A176DE4241C32A9005C3C27 /* CourseListView.swift in Sources */,
				4A176DD9241C0DD2005C3C27 /* Errors.swift in Sources */,
				4A176DD7241C0D44005C3C27 /* SchoologyCredentials.swift in Sources */,
			);
			runOnlyForDeploymentPostprocessing = 0;
		};
/* End PBXSourcesBuildPhase section */

/* Begin PBXVariantGroup section */
		4A176DC3241BE262005C3C27 /* Main.storyboard */ = {
			isa = PBXVariantGroup;
			children = (
				4A176DC4241BE262005C3C27 /* Base */,
			);
			name = Main.storyboard;
			sourceTree = "<group>";
		};
/* End PBXVariantGroup section */

/* Begin XCBuildConfiguration section */
		4A176DC8241BE262005C3C27 /* Debug */ = {
			isa = XCBuildConfiguration;
			buildSettings = {
				ALWAYS_SEARCH_USER_PATHS = NO;
				CLANG_ANALYZER_NONNULL = YES;
				CLANG_ANALYZER_NUMBER_OBJECT_CONVERSION = YES_AGGRESSIVE;
				CLANG_CXX_LANGUAGE_STANDARD = "gnu++14";
				CLANG_CXX_LIBRARY = "libc++";
				CLANG_ENABLE_MODULES = YES;
				CLANG_ENABLE_OBJC_ARC = YES;
				CLANG_ENABLE_OBJC_WEAK = YES;
				CLANG_WARN_BLOCK_CAPTURE_AUTORELEASING = YES;
				CLANG_WARN_BOOL_CONVERSION = YES;
				CLANG_WARN_COMMA = YES;
				CLANG_WARN_CONSTANT_CONVERSION = YES;
				CLANG_WARN_DEPRECATED_OBJC_IMPLEMENTATIONS = YES;
				CLANG_WARN_DIRECT_OBJC_ISA_USAGE = YES_ERROR;
				CLANG_WARN_DOCUMENTATION_COMMENTS = YES;
				CLANG_WARN_EMPTY_BODY = YES;
				CLANG_WARN_ENUM_CONVERSION = YES;
				CLANG_WARN_INFINITE_RECURSION = YES;
				CLANG_WARN_INT_CONVERSION = YES;
				CLANG_WARN_NON_LITERAL_NULL_CONVERSION = YES;
				CLANG_WARN_OBJC_IMPLICIT_RETAIN_SELF = YES;
				CLANG_WARN_OBJC_LITERAL_CONVERSION = YES;
				CLANG_WARN_OBJC_ROOT_CLASS = YES_ERROR;
				CLANG_WARN_RANGE_LOOP_ANALYSIS = YES;
				CLANG_WARN_STRICT_PROTOTYPES = YES;
				CLANG_WARN_SUSPICIOUS_MOVE = YES;
				CLANG_WARN_UNGUARDED_AVAILABILITY = YES_AGGRESSIVE;
				CLANG_WARN_UNREACHABLE_CODE = YES;
				CLANG_WARN__DUPLICATE_METHOD_MATCH = YES;
				COPY_PHASE_STRIP = NO;
				DEBUG_INFORMATION_FORMAT = dwarf;
				ENABLE_STRICT_OBJC_MSGSEND = YES;
				ENABLE_TESTABILITY = YES;
				GCC_C_LANGUAGE_STANDARD = gnu11;
				GCC_DYNAMIC_NO_PIC = NO;
				GCC_NO_COMMON_BLOCKS = YES;
				GCC_OPTIMIZATION_LEVEL = 0;
				GCC_PREPROCESSOR_DEFINITIONS = (
					"DEBUG=1",
					"$(inherited)",
				);
				GCC_WARN_64_TO_32_BIT_CONVERSION = YES;
				GCC_WARN_ABOUT_RETURN_TYPE = YES_ERROR;
				GCC_WARN_UNDECLARED_SELECTOR = YES;
				GCC_WARN_UNINITIALIZED_AUTOS = YES_AGGRESSIVE;
				GCC_WARN_UNUSED_FUNCTION = YES;
				GCC_WARN_UNUSED_VARIABLE = YES;
				MACOSX_DEPLOYMENT_TARGET = 10.15;
				MTL_ENABLE_DEBUG_INFO = INCLUDE_SOURCE;
				MTL_FAST_MATH = YES;
				ONLY_ACTIVE_ARCH = YES;
				SDKROOT = macosx;
				SWIFT_ACTIVE_COMPILATION_CONDITIONS = DEBUG;
				SWIFT_OPTIMIZATION_LEVEL = "-Onone";
			};
			name = Debug;
		};
		4A176DC9241BE262005C3C27 /* Release */ = {
			isa = XCBuildConfiguration;
			buildSettings = {
				ALWAYS_SEARCH_USER_PATHS = NO;
				CLANG_ANALYZER_NONNULL = YES;
				CLANG_ANALYZER_NUMBER_OBJECT_CONVERSION = YES_AGGRESSIVE;
				CLANG_CXX_LANGUAGE_STANDARD = "gnu++14";
				CLANG_CXX_LIBRARY = "libc++";
				CLANG_ENABLE_MODULES = YES;
				CLANG_ENABLE_OBJC_ARC = YES;
				CLANG_ENABLE_OBJC_WEAK = YES;
				CLANG_WARN_BLOCK_CAPTURE_AUTORELEASING = YES;
				CLANG_WARN_BOOL_CONVERSION = YES;
				CLANG_WARN_COMMA = YES;
				CLANG_WARN_CONSTANT_CONVERSION = YES;
				CLANG_WARN_DEPRECATED_OBJC_IMPLEMENTATIONS = YES;
				CLANG_WARN_DIRECT_OBJC_ISA_USAGE = YES_ERROR;
				CLANG_WARN_DOCUMENTATION_COMMENTS = YES;
				CLANG_WARN_EMPTY_BODY = YES;
				CLANG_WARN_ENUM_CONVERSION = YES;
				CLANG_WARN_INFINITE_RECURSION = YES;
				CLANG_WARN_INT_CONVERSION = YES;
				CLANG_WARN_NON_LITERAL_NULL_CONVERSION = YES;
				CLANG_WARN_OBJC_IMPLICIT_RETAIN_SELF = YES;
				CLANG_WARN_OBJC_LITERAL_CONVERSION = YES;
				CLANG_WARN_OBJC_ROOT_CLASS = YES_ERROR;
				CLANG_WARN_RANGE_LOOP_ANALYSIS = YES;
				CLANG_WARN_STRICT_PROTOTYPES = YES;
				CLANG_WARN_SUSPICIOUS_MOVE = YES;
				CLANG_WARN_UNGUARDED_AVAILABILITY = YES_AGGRESSIVE;
				CLANG_WARN_UNREACHABLE_CODE = YES;
				CLANG_WARN__DUPLICATE_METHOD_MATCH = YES;
				COPY_PHASE_STRIP = NO;
				DEBUG_INFORMATION_FORMAT = "dwarf-with-dsym";
				ENABLE_NS_ASSERTIONS = NO;
				ENABLE_STRICT_OBJC_MSGSEND = YES;
				GCC_C_LANGUAGE_STANDARD = gnu11;
				GCC_NO_COMMON_BLOCKS = YES;
				GCC_WARN_64_TO_32_BIT_CONVERSION = YES;
				GCC_WARN_ABOUT_RETURN_TYPE = YES_ERROR;
				GCC_WARN_UNDECLARED_SELECTOR = YES;
				GCC_WARN_UNINITIALIZED_AUTOS = YES_AGGRESSIVE;
				GCC_WARN_UNUSED_FUNCTION = YES;
				GCC_WARN_UNUSED_VARIABLE = YES;
				MACOSX_DEPLOYMENT_TARGET = 10.15;
				MTL_ENABLE_DEBUG_INFO = NO;
				MTL_FAST_MATH = YES;
				SDKROOT = macosx;
				SWIFT_COMPILATION_MODE = wholemodule;
				SWIFT_OPTIMIZATION_LEVEL = "-O";
			};
			name = Release;
		};
		4A176DCB241BE262005C3C27 /* Debug */ = {
			isa = XCBuildConfiguration;
			buildSettings = {
				ASSETCATALOG_COMPILER_APPICON_NAME = AppIcon;
				CODE_SIGN_ENTITLEMENTS = BetterSchoology/BetterSchoology.entitlements;
				CODE_SIGN_STYLE = Automatic;
				COMBINE_HIDPI_IMAGES = YES;
				CURRENT_PROJECT_VERSION = 2;
				DEVELOPMENT_ASSET_PATHS = "\"BetterSchoology/Preview Content\"";
				DEVELOPMENT_TEAM = 9DDM72ZZ79;
				ENABLE_HARDENED_RUNTIME = YES;
				ENABLE_PREVIEWS = YES;
				INFOPLIST_FILE = BetterSchoology/Info.plist;
				LD_RUNPATH_SEARCH_PATHS = (
					"$(inherited)",
					"@executable_path/../Frameworks",
				);
				MACOSX_DEPLOYMENT_TARGET = 10.15;
				MARKETING_VERSION = 0.1.1;
				PRODUCT_BUNDLE_IDENTIFIER = dev.anli.BetterSchoology;
				PRODUCT_NAME = "$(TARGET_NAME)";
				SWIFT_VERSION = 5.0;
			};
			name = Debug;
		};
		4A176DCC241BE262005C3C27 /* Release */ = {
			isa = XCBuildConfiguration;
			buildSettings = {
				ASSETCATALOG_COMPILER_APPICON_NAME = AppIcon;
				CODE_SIGN_ENTITLEMENTS = BetterSchoology/BetterSchoology.entitlements;
				CODE_SIGN_STYLE = Automatic;
				COMBINE_HIDPI_IMAGES = YES;
				CURRENT_PROJECT_VERSION = 2;
				DEVELOPMENT_ASSET_PATHS = "\"BetterSchoology/Preview Content\"";
				DEVELOPMENT_TEAM = 9DDM72ZZ79;
				ENABLE_HARDENED_RUNTIME = YES;
				ENABLE_PREVIEWS = YES;
				INFOPLIST_FILE = BetterSchoology/Info.plist;
				LD_RUNPATH_SEARCH_PATHS = (
					"$(inherited)",
					"@executable_path/../Frameworks",
				);
				MACOSX_DEPLOYMENT_TARGET = 10.15;
				MARKETING_VERSION = 0.1.1;
				PRODUCT_BUNDLE_IDENTIFIER = dev.anli.BetterSchoology;
				PRODUCT_NAME = "$(TARGET_NAME)";
				SWIFT_VERSION = 5.0;
			};
			name = Release;
		};
/* End XCBuildConfiguration section */

/* Begin XCConfigurationList section */
		4A176DB2241BE25F005C3C27 /* Build configuration list for PBXProject "BetterSchoology" */ = {
			isa = XCConfigurationList;
			buildConfigurations = (
				4A176DC8241BE262005C3C27 /* Debug */,
				4A176DC9241BE262005C3C27 /* Release */,
			);
			defaultConfigurationIsVisible = 0;
			defaultConfigurationName = Release;
		};
		4A176DCA241BE262005C3C27 /* Build configuration list for PBXNativeTarget "BetterSchoology" */ = {
			isa = XCConfigurationList;
			buildConfigurations = (
				4A176DCB241BE262005C3C27 /* Debug */,
				4A176DCC241BE262005C3C27 /* Release */,
			);
			defaultConfigurationIsVisible = 0;
			defaultConfigurationName = Release;
		};
/* End XCConfigurationList section */

/* Begin XCRemoteSwiftPackageReference section */
		4A2AA11F241C4123005C3C27 /* XCRemoteSwiftPackageReference "SwiftSoup" */ = {
			isa = XCRemoteSwiftPackageReference;
			repositoryURL = "https://github.com/scinfu/SwiftSoup.git";
			requirement = {
				kind = upToNextMajorVersion;
				minimumVersion = 2.3.0;
			};
		};
/* End XCRemoteSwiftPackageReference section */

/* Begin XCSwiftPackageProductDependency section */
		4A2AA120241C4123005C3C27 /* SwiftSoup */ = {
			isa = XCSwiftPackageProductDependency;
			package = 4A2AA11F241C4123005C3C27 /* XCRemoteSwiftPackageReference "SwiftSoup" */;
			productName = SwiftSoup;
		};
/* End XCSwiftPackageProductDependency section */
	};
	rootObject = 4A176DAF241BE25F005C3C27 /* Project object */;
}
